
Microsoft Visual Studio Solution File, Format Version 12.00
# Visual Studio 15
VisualStudioVersion = 15.0.33403.129
MinimumVisualStudioVersion = 10.0.40219.1
Project("{8BC9CEB8-8B4A-11D0-8D11-00A0C91BC942}") = "widget", "widget\widget.vcxproj", "{997ECADF-4E3E-4447-A0CD-1B7ECCDAB5AC}"
EndProject
Global
	GlobalSection(SolutionConfigurationPlatforms) = preSolution
		Debug|x64 = Debug|x64
		Release|x64 = Release|x64
	EndGlobalSection
	GlobalSection(ProjectConfigurationPlatforms) = postSolution
		{997ECADF-4E3E-4447-A0CD-1B7ECCDAB5AC}.Debug|x64.ActiveCfg = Debug|x64
		{997ECADF-4E3E-4447-A0CD-1B7ECCDAB5AC}.Debug|x64.Build.0 = Debug|x64
		{997ECADF-4E3E-4447-A0CD-1B7ECCDAB5AC}.Release|x64.ActiveCfg = Release|x64
		{997ECADF-4E3E-4447-A0CD-1B7ECCDAB5AC}.Release|x64.Build.0 = Release|x64
	EndGlobalSection
	GlobalSection(SolutionProperties) = preSolution
		HideSolutionNode = FALSE
	EndGlobalSection
	GlobalSection(ExtensibilityGlobals) = postSolution
		SolutionGuid = {0A3BB858-EE9B-4FA0-A812-C1237286D11F}
	EndGlobalSection
EndGlobal
